// !$*UTF8*$!
{
	archiveVersion = 1;
	classes = {
	};
	objectVersion = 46;
	objects = {

/* Begin PBXBuildFile section */
		333E3D3A1B577B2D00F087F6 /* main.m in Sources */ = {isa = PBXBuildFile; fileRef = 333E3D391B577B2D00F087F6 /* main.m */; };
		333E3D3D1B577B2D00F087F6 /* AppDelegate.m in Sources */ = {isa = PBXBuildFile; fileRef = 333E3D3C1B577B2D00F087F6 /* AppDelegate.m */; };
		333E3D451B577B2D00F087F6 /* Images.xcassets in Resources */ = {isa = PBXBuildFile; fileRef = 333E3D441B577B2D00F087F6 /* Images.xcassets */; };
		333E3D481B577B2D00F087F6 /* LaunchScreen.xib in Resources */ = {isa = PBXBuildFile; fileRef = 333E3D461B577B2D00F087F6 /* LaunchScreen.xib */; };
		333E3D541B577B2D00F087F6 /* FakestagramTests.m in Sources */ = {isa = PBXBuildFile; fileRef = 333E3D531B577B2D00F087F6 /* FakestagramTests.m */; };
		333E3D881B57851200F087F6 /* ImagesTableViewController.m in Sources */ = {isa = PBXBuildFile; fileRef = 333E3D871B57851200F087F6 /* ImagesTableViewController.m */; };
		33F6CD921B5FD76800EEC211 /* 1.jpg in Resources */ = {isa = PBXBuildFile; fileRef = 33F6CD881B5FD76800EEC211 /* 1.jpg */; };
		33F6CD931B5FD76800EEC211 /* 2.jpg in Resources */ = {isa = PBXBuildFile; fileRef = 33F6CD891B5FD76800EEC211 /* 2.jpg */; };
		33F6CD941B5FD76800EEC211 /* 3.jpg in Resources */ = {isa = PBXBuildFile; fileRef = 33F6CD8A1B5FD76800EEC211 /* 3.jpg */; };
		33F6CD951B5FD76800EEC211 /* 4.jpg in Resources */ = {isa = PBXBuildFile; fileRef = 33F6CD8B1B5FD76800EEC211 /* 4.jpg */; };
		33F6CD961B5FD76800EEC211 /* 5.jpg in Resources */ = {isa = PBXBuildFile; fileRef = 33F6CD8C1B5FD76800EEC211 /* 5.jpg */; };
		33F6CD971B5FD76800EEC211 /* 6.jpg in Resources */ = {isa = PBXBuildFile; fileRef = 33F6CD8D1B5FD76800EEC211 /* 6.jpg */; };
		33F6CD981B5FD76800EEC211 /* 7.jpg in Resources */ = {isa = PBXBuildFile; fileRef = 33F6CD8E1B5FD76800EEC211 /* 7.jpg */; };
		33F6CD991B5FD76800EEC211 /* 8.jpg in Resources */ = {isa = PBXBuildFile; fileRef = 33F6CD8F1B5FD76800EEC211 /* 8.jpg */; };
		33F6CD9A1B5FD76800EEC211 /* 9.jpg in Resources */ = {isa = PBXBuildFile; fileRef = 33F6CD901B5FD76800EEC211 /* 9.jpg */; };
		33F6CD9B1B5FD76800EEC211 /* 10.jpg in Resources */ = {isa = PBXBuildFile; fileRef = 33F6CD911B5FD76800EEC211 /* 10.jpg */; };
		33F6CD9E1B63BB0F00EEC211 /* User.m in Sources */ = {isa = PBXBuildFile; fileRef = 33F6CD9D1B63BB0F00EEC211 /* User.m */; };
		33F6CDA11B63BC0F00EEC211 /* Media.m in Sources */ = {isa = PBXBuildFile; fileRef = 33F6CDA01B63BC0F00EEC211 /* Media.m */; };
		33F6CDA41B63BF8400EEC211 /* Comment.m in Sources */ = {isa = PBXBuildFile; fileRef = 33F6CDA31B63BF8400EEC211 /* Comment.m */; };
		33F6CDA71B63C04600EEC211 /* DataSource.m in Sources */ = {isa = PBXBuildFile; fileRef = 33F6CDA61B63C04600EEC211 /* DataSource.m */; };
		33F6CDAD1B63DD7100EEC211 /* MediaTableViewCell.m in Sources */ = {isa = PBXBuildFile; fileRef = 33F6CDAC1B63DD7100EEC211 /* MediaTableViewCell.m */; };
		33F6CDB31B64E3BF00EEC211 /* UIColorExt.m in Sources */ = {isa = PBXBuildFile; fileRef = 33F6CDB21B64E3BF00EEC211 /* UIColorExt.m */; };
/* End PBXBuildFile section */

/* Begin PBXContainerItemProxy section */
		333E3D4E1B577B2D00F087F6 /* PBXContainerItemProxy */ = {
			isa = PBXContainerItemProxy;
			containerPortal = 333E3D2C1B577B2D00F087F6 /* Project object */;
			proxyType = 1;
			remoteGlobalIDString = 333E3D331B577B2D00F087F6;
			remoteInfo = Fakestagram;
		};
/* End PBXContainerItemProxy section */

/* Begin PBXFileReference section */
		333E3D341B577B2D00F087F6 /* Fakestagram.app */ = {isa = PBXFileReference; explicitFileType = wrapper.application; includeInIndex = 0; path = Fakestagram.app; sourceTree = BUILT_PRODUCTS_DIR; };
		333E3D381B577B2D00F087F6 /* Info.plist */ = {isa = PBXFileReference; lastKnownFileType = text.plist.xml; path = Info.plist; sourceTree = "<group>"; };
		333E3D391B577B2D00F087F6 /* main.m */ = {isa = PBXFileReference; lastKnownFileType = sourcecode.c.objc; path = main.m; sourceTree = "<group>"; };
		333E3D3B1B577B2D00F087F6 /* AppDelegate.h */ = {isa = PBXFileReference; lastKnownFileType = sourcecode.c.h; path = AppDelegate.h; sourceTree = "<group>"; };
		333E3D3C1B577B2D00F087F6 /* AppDelegate.m */ = {isa = PBXFileReference; lastKnownFileType = sourcecode.c.objc; path = AppDelegate.m; sourceTree = "<group>"; };
		333E3D441B577B2D00F087F6 /* Images.xcassets */ = {isa = PBXFileReference; lastKnownFileType = folder.assetcatalog; path = Images.xcassets; sourceTree = "<group>"; };
		333E3D471B577B2D00F087F6 /* Base */ = {isa = PBXFileReference; lastKnownFileType = file.xib; name = Base; path = Base.lproj/LaunchScreen.xib; sourceTree = "<group>"; };
		333E3D4D1B577B2D00F087F6 /* FakestagramTests.xctest */ = {isa = PBXFileReference; explicitFileType = wrapper.cfbundle; includeInIndex = 0; path = FakestagramTests.xctest; sourceTree = BUILT_PRODUCTS_DIR; };
		333E3D521B577B2D00F087F6 /* Info.plist */ = {isa = PBXFileReference; lastKnownFileType = text.plist.xml; path = Info.plist; sourceTree = "<group>"; };
		333E3D531B577B2D00F087F6 /* FakestagramTests.m */ = {isa = PBXFileReference; lastKnownFileType = sourcecode.c.objc; path = FakestagramTests.m; sourceTree = "<group>"; };
		333E3D861B57851200F087F6 /* ImagesTableViewController.h */ = {isa = PBXFileReference; fileEncoding = 4; lastKnownFileType = sourcecode.c.h; name = ImagesTableViewController.h; path = ../ImagesTableViewController.h; sourceTree = "<group>"; };
		333E3D871B57851200F087F6 /* ImagesTableViewController.m */ = {isa = PBXFileReference; fileEncoding = 4; lastKnownFileType = sourcecode.c.objc; name = ImagesTableViewController.m; path = ../ImagesTableViewController.m; sourceTree = "<group>"; };
		33F6CD881B5FD76800EEC211 /* 1.jpg */ = {isa = PBXFileReference; lastKnownFileType = image.jpeg; path = 1.jpg; sourceTree = "<group>"; };
		33F6CD891B5FD76800EEC211 /* 2.jpg */ = {isa = PBXFileReference; lastKnownFileType = image.jpeg; path = 2.jpg; sourceTree = "<group>"; };
		33F6CD8A1B5FD76800EEC211 /* 3.jpg */ = {isa = PBXFileReference; lastKnownFileType = image.jpeg; path = 3.jpg; sourceTree = "<group>"; };
		33F6CD8B1B5FD76800EEC211 /* 4.jpg */ = {isa = PBXFileReference; lastKnownFileType = image.jpeg; path = 4.jpg; sourceTree = "<group>"; };
		33F6CD8C1B5FD76800EEC211 /* 5.jpg */ = {isa = PBXFileReference; lastKnownFileType = image.jpeg; path = 5.jpg; sourceTree = "<group>"; };
		33F6CD8D1B5FD76800EEC211 /* 6.jpg */ = {isa = PBXFileReference; lastKnownFileType = image.jpeg; path = 6.jpg; sourceTree = "<group>"; };
		33F6CD8E1B5FD76800EEC211 /* 7.jpg */ = {isa = PBXFileReference; lastKnownFileType = image.jpeg; path = 7.jpg; sourceTree = "<group>"; };
		33F6CD8F1B5FD76800EEC211 /* 8.jpg */ = {isa = PBXFileReference; lastKnownFileType = image.jpeg; path = 8.jpg; sourceTree = "<group>"; };
		33F6CD901B5FD76800EEC211 /* 9.jpg */ = {isa = PBXFileReference; lastKnownFileType = image.jpeg; path = 9.jpg; sourceTree = "<group>"; };
		33F6CD911B5FD76800EEC211 /* 10.jpg */ = {isa = PBXFileReference; lastKnownFileType = image.jpeg; path = 10.jpg; sourceTree = "<group>"; };
		33F6CD9C1B63BB0F00EEC211 /* User.h */ = {isa = PBXFileReference; fileEncoding = 4; lastKnownFileType = sourcecode.c.h; name = User.h; path = ../User.h; sourceTree = "<group>"; };
		33F6CD9D1B63BB0F00EEC211 /* User.m */ = {isa = PBXFileReference; fileEncoding = 4; lastKnownFileType = sourcecode.c.objc; name = User.m; path = ../User.m; sourceTree = "<group>"; };
		33F6CD9F1B63BC0F00EEC211 /* Media.h */ = {isa = PBXFileReference; fileEncoding = 4; lastKnownFileType = sourcecode.c.h; path = Media.h; sourceTree = "<group>"; };
		33F6CDA01B63BC0F00EEC211 /* Media.m */ = {isa = PBXFileReference; fileEncoding = 4; lastKnownFileType = sourcecode.c.objc; path = Media.m; sourceTree = "<group>"; };
		33F6CDA21B63BF8400EEC211 /* Comment.h */ = {isa = PBXFileReference; fileEncoding = 4; lastKnownFileType = sourcecode.c.h; path = Comment.h; sourceTree = "<group>"; };
		33F6CDA31B63BF8400EEC211 /* Comment.m */ = {isa = PBXFileReference; fileEncoding = 4; lastKnownFileType = sourcecode.c.objc; path = Comment.m; sourceTree = "<group>"; };
		33F6CDA51B63C04600EEC211 /* DataSource.h */ = {isa = PBXFileReference; fileEncoding = 4; lastKnownFileType = sourcecode.c.h; path = DataSource.h; sourceTree = "<group>"; };
		33F6CDA61B63C04600EEC211 /* DataSource.m */ = {isa = PBXFileReference; fileEncoding = 4; lastKnownFileType = sourcecode.c.objc; path = DataSource.m; sourceTree = "<group>"; };
		33F6CDAB1B63DD7100EEC211 /* MediaTableViewCell.h */ = {isa = PBXFileReference; fileEncoding = 4; lastKnownFileType = sourcecode.c.h; name = MediaTableViewCell.h; path = ../MediaTableViewCell.h; sourceTree = "<group>"; };
		33F6CDAC1B63DD7100EEC211 /* MediaTableViewCell.m */ = {isa = PBXFileReference; fileEncoding = 4; lastKnownFileType = sourcecode.c.objc; name = MediaTableViewCell.m; path = ../MediaTableViewCell.m; sourceTree = "<group>"; };
		33F6CDB11B64E3BF00EEC211 /* UIColorExt.h */ = {isa = PBXFileReference; fileEncoding = 4; lastKnownFileType = sourcecode.c.h; path = UIColorExt.h; sourceTree = "<group>"; };
		33F6CDB21B64E3BF00EEC211 /* UIColorExt.m */ = {isa = PBXFileReference; fileEncoding = 4; lastKnownFileType = sourcecode.c.objc; path = UIColorExt.m; sourceTree = "<group>"; };
/* End PBXFileReference section */

/* Begin PBXFrameworksBuildPhase section */
		333E3D311B577B2D00F087F6 /* Frameworks */ = {
			isa = PBXFrameworksBuildPhase;
			buildActionMask = 2147483647;
			files = (
			);
			runOnlyForDeploymentPostprocessing = 0;
		};
		333E3D4A1B577B2D00F087F6 /* Frameworks */ = {
			isa = PBXFrameworksBuildPhase;
			buildActionMask = 2147483647;
			files = (
			);
			runOnlyForDeploymentPostprocessing = 0;
		};
/* End PBXFrameworksBuildPhase section */

/* Begin PBXGroup section */
		333E3D2B1B577B2D00F087F6 = {
			isa = PBXGroup;
			children = (
				33F6CDB11B64E3BF00EEC211 /* UIColorExt.h */,
				33F6CDB21B64E3BF00EEC211 /* UIColorExt.m */,
				333E3D361B577B2D00F087F6 /* Fakestagram */,
				333E3D501B577B2D00F087F6 /* FakestagramTests */,
				333E3D351B577B2D00F087F6 /* Products */,
			);
			sourceTree = "<group>";
		};
		333E3D351B577B2D00F087F6 /* Products */ = {
			isa = PBXGroup;
			children = (
				333E3D341B577B2D00F087F6 /* Fakestagram.app */,
				333E3D4D1B577B2D00F087F6 /* FakestagramTests.xctest */,
			);
			name = Products;
			sourceTree = "<group>";
		};
		333E3D361B577B2D00F087F6 /* Fakestagram */ = {
			isa = PBXGroup;
			children = (
				33F6CDAB1B63DD7100EEC211 /* MediaTableViewCell.h */,
				33F6CDAC1B63DD7100EEC211 /* MediaTableViewCell.m */,
				33F6CD9C1B63BB0F00EEC211 /* User.h */,
				33F6CD9F1B63BC0F00EEC211 /* Media.h */,
				33F6CDA21B63BF8400EEC211 /* Comment.h */,
				33F6CDA31B63BF8400EEC211 /* Comment.m */,
				33F6CDA51B63C04600EEC211 /* DataSource.h */,
				33F6CDA61B63C04600EEC211 /* DataSource.m */,
				33F6CDA01B63BC0F00EEC211 /* Media.m */,
				33F6CD9D1B63BB0F00EEC211 /* User.m */,
				33F6CD871B5FB07100EEC211 /* Images */,
				333E3D861B57851200F087F6 /* ImagesTableViewController.h */,
				333E3D871B57851200F087F6 /* ImagesTableViewController.m */,
				333E3D3B1B577B2D00F087F6 /* AppDelegate.h */,
				333E3D3C1B577B2D00F087F6 /* AppDelegate.m */,
				333E3D441B577B2D00F087F6 /* Images.xcassets */,
				333E3D461B577B2D00F087F6 /* LaunchScreen.xib */,
				333E3D371B577B2D00F087F6 /* Supporting Files */,
			);
			path = Fakestagram;
			sourceTree = "<group>";
		};
		333E3D371B577B2D00F087F6 /* Supporting Files */ = {
			isa = PBXGroup;
			children = (
				333E3D381B577B2D00F087F6 /* Info.plist */,
				333E3D391B577B2D00F087F6 /* main.m */,
			);
			name = "Supporting Files";
			sourceTree = "<group>";
		};
		333E3D501B577B2D00F087F6 /* FakestagramTests */ = {
			isa = PBXGroup;
			children = (
				333E3D531B577B2D00F087F6 /* FakestagramTests.m */,
				333E3D511B577B2D00F087F6 /* Supporting Files */,
			);
			path = FakestagramTests;
			sourceTree = "<group>";
		};
		333E3D511B577B2D00F087F6 /* Supporting Files */ = {
			isa = PBXGroup;
			children = (
				333E3D521B577B2D00F087F6 /* Info.plist */,
			);
			name = "Supporting Files";
			sourceTree = "<group>";
		};
		33F6CD871B5FB07100EEC211 /* Images */ = {
			isa = PBXGroup;
			children = (
				33F6CD881B5FD76800EEC211 /* 1.jpg */,
				33F6CD891B5FD76800EEC211 /* 2.jpg */,
				33F6CD8A1B5FD76800EEC211 /* 3.jpg */,
				33F6CD8B1B5FD76800EEC211 /* 4.jpg */,
				33F6CD8C1B5FD76800EEC211 /* 5.jpg */,
				33F6CD8D1B5FD76800EEC211 /* 6.jpg */,
				33F6CD8E1B5FD76800EEC211 /* 7.jpg */,
				33F6CD8F1B5FD76800EEC211 /* 8.jpg */,
				33F6CD901B5FD76800EEC211 /* 9.jpg */,
				33F6CD911B5FD76800EEC211 /* 10.jpg */,
			);
			name = Images;
			path = ..;
			sourceTree = "<group>";
		};
/* End PBXGroup section */

/* Begin PBXNativeTarget section */
		333E3D331B577B2D00F087F6 /* Fakestagram */ = {
			isa = PBXNativeTarget;
			buildConfigurationList = 333E3D571B577B2D00F087F6 /* Build configuration list for PBXNativeTarget "Fakestagram" */;
			buildPhases = (
				333E3D301B577B2D00F087F6 /* Sources */,
				333E3D311B577B2D00F087F6 /* Frameworks */,
				333E3D321B577B2D00F087F6 /* Resources */,
			);
			buildRules = (
			);
			dependencies = (
			);
			name = Fakestagram;
			productName = Fakestagram;
			productReference = 333E3D341B577B2D00F087F6 /* Fakestagram.app */;
			productType = "com.apple.product-type.application";
		};
		333E3D4C1B577B2D00F087F6 /* FakestagramTests */ = {
			isa = PBXNativeTarget;
			buildConfigurationList = 333E3D5A1B577B2D00F087F6 /* Build configuration list for PBXNativeTarget "FakestagramTests" */;
			buildPhases = (
				333E3D491B577B2D00F087F6 /* Sources */,
				333E3D4A1B577B2D00F087F6 /* Frameworks */,
				333E3D4B1B577B2D00F087F6 /* Resources */,
			);
			buildRules = (
			);
			dependencies = (
				333E3D4F1B577B2D00F087F6 /* PBXTargetDependency */,
			);
			name = FakestagramTests;
			productName = FakestagramTests;
			productReference = 333E3D4D1B577B2D00F087F6 /* FakestagramTests.xctest */;
			productType = "com.apple.product-type.bundle.unit-test";
		};
/* End PBXNativeTarget section */

/* Begin PBXProject section */
		333E3D2C1B577B2D00F087F6 /* Project object */ = {
			isa = PBXProject;
			attributes = {
				LastUpgradeCheck = 0640;
				ORGANIZATIONNAME = Bloc;
				TargetAttributes = {
					333E3D331B577B2D00F087F6 = {
						CreatedOnToolsVersion = 6.4;
					};
					333E3D4C1B577B2D00F087F6 = {
						CreatedOnToolsVersion = 6.4;
						TestTargetID = 333E3D331B577B2D00F087F6;
					};
				};
			};
			buildConfigurationList = 333E3D2F1B577B2D00F087F6 /* Build configuration list for PBXProject "Fakestagram" */;
			compatibilityVersion = "Xcode 3.2";
			developmentRegion = English;
			hasScannedForEncodings = 0;
			knownRegions = (
				en,
				Base,
			);
			mainGroup = 333E3D2B1B577B2D00F087F6;
			productRefGroup = 333E3D351B577B2D00F087F6 /* Products */;
			projectDirPath = "";
			projectRoot = "";
			targets = (
				333E3D331B577B2D00F087F6 /* Fakestagram */,
				333E3D4C1B577B2D00F087F6 /* FakestagramTests */,
			);
		};
/* End PBXProject section */

/* Begin PBXResourcesBuildPhase section */
		333E3D321B577B2D00F087F6 /* Resources */ = {
			isa = PBXResourcesBuildPhase;
			buildActionMask = 2147483647;
			files = (
				33F6CD9A1B5FD76800EEC211 /* 9.jpg in Resources */,
				33F6CD991B5FD76800EEC211 /* 8.jpg in Resources */,
				33F6CD951B5FD76800EEC211 /* 4.jpg in Resources */,
				33F6CD941B5FD76800EEC211 /* 3.jpg in Resources */,
				33F6CD971B5FD76800EEC211 /* 6.jpg in Resources */,
				33F6CD921B5FD76800EEC211 /* 1.jpg in Resources */,
				333E3D481B577B2D00F087F6 /* LaunchScreen.xib in Resources */,
				33F6CD961B5FD76800EEC211 /* 5.jpg in Resources */,
				33F6CD981B5FD76800EEC211 /* 7.jpg in Resources */,
				33F6CD931B5FD76800EEC211 /* 2.jpg in Resources */,
				33F6CD9B1B5FD76800EEC211 /* 10.jpg in Resources */,
				333E3D451B577B2D00F087F6 /* Images.xcassets in Resources */,
			);
			runOnlyForDeploymentPostprocessing = 0;
		};
		333E3D4B1B577B2D00F087F6 /* Resources */ = {
			isa = PBXResourcesBuildPhase;
			buildActionMask = 2147483647;
			files = (
			);
			runOnlyForDeploymentPostprocessing = 0;
		};
/* End PBXResourcesBuildPhase section */

/* Begin PBXSourcesBuildPhase section */
		333E3D301B577B2D00F087F6 /* Sources */ = {
			isa = PBXSourcesBuildPhase;
			buildActionMask = 2147483647;
			files = (
				33F6CD9E1B63BB0F00EEC211 /* User.m in Sources */,
				33F6CDA41B63BF8400EEC211 /* Comment.m in Sources */,
				33F6CDB31B64E3BF00EEC211 /* UIColorExt.m in Sources */,
				33F6CDAD1B63DD7100EEC211 /* MediaTableViewCell.m in Sources */,
				33F6CDA11B63BC0F00EEC211 /* Media.m in Sources */,
				333E3D3D1B577B2D00F087F6 /* AppDelegate.m in Sources */,
				33F6CDA71B63C04600EEC211 /* DataSource.m in Sources */,
				333E3D3A1B577B2D00F087F6 /* main.m in Sources */,
				333E3D881B57851200F087F6 /* ImagesTableViewController.m in Sources */,
			);
			runOnlyForDeploymentPostprocessing = 0;
		};
		333E3D491B577B2D00F087F6 /* Sources */ = {
			isa = PBXSourcesBuildPhase;
			buildActionMask = 2147483647;
			files = (
				333E3D541B577B2D00F087F6 /* FakestagramTests.m in Sources */,
			);
			runOnlyForDeploymentPostprocessing = 0;
		};
/* End PBXSourcesBuildPhase section */

/* Begin PBXTargetDependency section */
		333E3D4F1B577B2D00F087F6 /* PBXTargetDependency */ = {
			isa = PBXTargetDependency;
			target = 333E3D331B577B2D00F087F6 /* Fakestagram */;
			targetProxy = 333E3D4E1B577B2D00F087F6 /* PBXContainerItemProxy */;
		};
/* End PBXTargetDependency section */

/* Begin PBXVariantGroup section */
		333E3D461B577B2D00F087F6 /* LaunchScreen.xib */ = {
			isa = PBXVariantGroup;
			children = (
				333E3D471B577B2D00F087F6 /* Base */,
			);
			name = LaunchScreen.xib;
			sourceTree = "<group>";
		};
/* End PBXVariantGroup section */

/* Begin XCBuildConfiguration section */
		333E3D551B577B2D00F087F6 /* Debug */ = {
			isa = XCBuildConfiguration;
			buildSettings = {
				ALWAYS_SEARCH_USER_PATHS = NO;
				CLANG_CXX_LANGUAGE_STANDARD = "gnu++0x";
				CLANG_CXX_LIBRARY = "libc++";
				CLANG_ENABLE_MODULES = YES;
				CLANG_ENABLE_OBJC_ARC = YES;
				CLANG_WARN_BOOL_CONVERSION = YES;
				CLANG_WARN_CONSTANT_CONVERSION = YES;
				CLANG_WARN_DIRECT_OBJC_ISA_USAGE = YES_ERROR;
				CLANG_WARN_EMPTY_BODY = YES;
				CLANG_WARN_ENUM_CONVERSION = YES;
				CLANG_WARN_INT_CONVERSION = YES;
				CLANG_WARN_OBJC_ROOT_CLASS = YES_ERROR;
				CLANG_WARN_UNREACHABLE_CODE = YES;
				CLANG_WARN__DUPLICATE_METHOD_MATCH = YES;
				"CODE_SIGN_IDENTITY[sdk=iphoneos*]" = "iPhone Developer";
				COPY_PHASE_STRIP = NO;
				DEBUG_INFORMATION_FORMAT = "dwarf-with-dsym";
				ENABLE_STRICT_OBJC_MSGSEND = YES;
				GCC_C_LANGUAGE_STANDARD = gnu99;
				GCC_DYNAMIC_NO_PIC = NO;
				GCC_NO_COMMON_BLOCKS = YES;
				GCC_OPTIMIZATION_LEVEL = 0;
				GCC_PREPROCESSOR_DEFINITIONS = (
					"DEBUG=1",
					"$(inherited)",
				);
				GCC_SYMBOLS_PRIVATE_EXTERN = NO;
				GCC_WARN_64_TO_32_BIT_CONVERSION = YES;
				GCC_WARN_ABOUT_RETURN_TYPE = YES_ERROR;
				GCC_WARN_UNDECLARED_SELECTOR = YES;
				GCC_WARN_UNINITIALIZED_AUTOS = YES_AGGRESSIVE;
				GCC_WARN_UNUSED_FUNCTION = YES;
				GCC_WARN_UNUSED_VARIABLE = YES;
				IPHONEOS_DEPLOYMENT_TARGET = 8.4;
				MTL_ENABLE_DEBUG_INFO = YES;
				ONLY_ACTIVE_ARCH = YES;
				SDKROOT = iphoneos;
				TARGETED_DEVICE_FAMILY = "1,2";
			};
			name = Debug;
		};
		333E3D561B577B2D00F087F6 /* Release */ = {
			isa = XCBuildConfiguration;
			buildSettings = {
				ALWAYS_SEARCH_USER_PATHS = NO;
				CLANG_CXX_LANGUAGE_STANDARD = "gnu++0x";
				CLANG_CXX_LIBRARY = "libc++";
				CLANG_ENABLE_MODULES = YES;
				CLANG_ENABLE_OBJC_ARC = YES;
				CLANG_WARN_BOOL_CONVERSION = YES;
				CLANG_WARN_CONSTANT_CONVERSION = YES;
				CLANG_WARN_DIRECT_OBJC_ISA_USAGE = YES_ERROR;
				CLANG_WARN_EMPTY_BODY = YES;
				CLANG_WARN_ENUM_CONVERSION = YES;
				CLANG_WARN_INT_CONVERSION = YES;
				CLANG_WARN_OBJC_ROOT_CLASS = YES_ERROR;
				CLANG_WARN_UNREACHABLE_CODE = YES;
				CLANG_WARN__DUPLICATE_METHOD_MATCH = YES;
				"CODE_SIGN_IDENTITY[sdk=iphoneos*]" = "iPhone Developer";
				COPY_PHASE_STRIP = NO;
				DEBUG_INFORMATION_FORMAT = "dwarf-with-dsym";
				ENABLE_NS_ASSERTIONS = NO;
				ENABLE_STRICT_OBJC_MSGSEND = YES;
				GCC_C_LANGUAGE_STANDARD = gnu99;
				GCC_NO_COMMON_BLOCKS = YES;
				GCC_WARN_64_TO_32_BIT_CONVERSION = YES;
				GCC_WARN_ABOUT_RETURN_TYPE = YES_ERROR;
				GCC_WARN_UNDECLARED_SELECTOR = YES;
				GCC_WARN_UNINITIALIZED_AUTOS = YES_AGGRESSIVE;
				GCC_WARN_UNUSED_FUNCTION = YES;
				GCC_WARN_UNUSED_VARIABLE = YES;
				IPHONEOS_DEPLOYMENT_TARGET = 8.4;
				MTL_ENABLE_DEBUG_INFO = NO;
				SDKROOT = iphoneos;
				TARGETED_DEVICE_FAMILY = "1,2";
				VALIDATE_PRODUCT = YES;
			};
			name = Release;
		};
		333E3D581B577B2D00F087F6 /* Debug */ = {
			isa = XCBuildConfiguration;
			buildSettings = {
				ASSETCATALOG_COMPILER_APPICON_NAME = AppIcon;
				INFOPLIST_FILE = Fakestagram/Info.plist;
				LD_RUNPATH_SEARCH_PATHS = "$(inherited) @executable_path/Frameworks";
				PRODUCT_NAME = "$(TARGET_NAME)";
			};
			name = Debug;
		};
		333E3D591B577B2D00F087F6 /* Release */ = {
			isa = XCBuildConfiguration;
			buildSettings = {
				ASSETCATALOG_COMPILER_APPICON_NAME = AppIcon;
				INFOPLIST_FILE = Fakestagram/Info.plist;
				LD_RUNPATH_SEARCH_PATHS = "$(inherited) @executable_path/Frameworks";
				PRODUCT_NAME = "$(TARGET_NAME)";
			};
			name = Release;
		};
		333E3D5B1B577B2D00F087F6 /* Debug */ = {
			isa = XCBuildConfiguration;
			buildSettings = {
				BUNDLE_LOADER = "$(TEST_HOST)";
				FRAMEWORK_SEARCH_PATHS = (
					"$(SDKROOT)/Developer/Library/Frameworks",
					"$(inherited)",
				);
				GCC_PREPROCESSOR_DEFINITIONS = (
					"DEBUG=1",
					"$(inherited)",
				);
				INFOPLIST_FILE = FakestagramTests/Info.plist;
				LD_RUNPATH_SEARCH_PATHS = "$(inherited) @executable_path/Frameworks @loader_path/Frameworks";
				PRODUCT_NAME = "$(TARGET_NAME)";
				TEST_HOST = "$(BUILT_PRODUCTS_DIR)/Fakestagram.app/Fakestagram";
			};
			name = Debug;
		};
		333E3D5C1B577B2D00F087F6 /* Release */ = {
			isa = XCBuildConfiguration;
			buildSettings = {
				BUNDLE_LOADER = "$(TEST_HOST)";
				FRAMEWORK_SEARCH_PATHS = (
					"$(SDKROOT)/Developer/Library/Frameworks",
					"$(inherited)",
				);
				INFOPLIST_FILE = FakestagramTests/Info.plist;
				LD_RUNPATH_SEARCH_PATHS = "$(inherited) @executable_path/Frameworks @loader_path/Frameworks";
				PRODUCT_NAME = "$(TARGET_NAME)";
				TEST_HOST = "$(BUILT_PRODUCTS_DIR)/Fakestagram.app/Fakestagram";
			};
			name = Release;
		};
/* End XCBuildConfiguration section */

/* Begin XCConfigurationList section */
		333E3D2F1B577B2D00F087F6 /* Build configuration list for PBXProject "Fakestagram" */ = {
			isa = XCConfigurationList;
			buildConfigurations = (
				333E3D551B577B2D00F087F6 /* Debug */,
				333E3D561B577B2D00F087F6 /* Release */,
			);
			defaultConfigurationIsVisible = 0;
			defaultConfigurationName = Release;
		};
		333E3D571B577B2D00F087F6 /* Build configuration list for PBXNativeTarget "Fakestagram" */ = {
			isa = XCConfigurationList;
			buildConfigurations = (
				333E3D581B577B2D00F087F6 /* Debug */,
				333E3D591B577B2D00F087F6 /* Release */,
			);
			defaultConfigurationIsVisible = 0;
			defaultConfigurationName = Release;
		};
		333E3D5A1B577B2D00F087F6 /* Build configuration list for PBXNativeTarget "FakestagramTests" */ = {
			isa = XCConfigurationList;
			buildConfigurations = (
				333E3D5B1B577B2D00F087F6 /* Debug */,
				333E3D5C1B577B2D00F087F6 /* Release */,
			);
			defaultConfigurationIsVisible = 0;
			defaultConfigurationName = Release;
		};
/* End XCConfigurationList section */
	};
	rootObject = 333E3D2C1B577B2D00F087F6 /* Project object */;
}
